// !$*UTF8*$!
{
	archiveVersion = 1;
	classes = {
	};
	objectVersion = 55;
	objects = {

/* Begin PBXBuildFile section */
		C139E38428B9527400481335 /* FructusApp.swift in Sources */ = {isa = PBXBuildFile; fileRef = C139E38328B9527400481335 /* FructusApp.swift */; };
		C139E38628B9527400481335 /* ContentView.swift in Sources */ = {isa = PBXBuildFile; fileRef = C139E38528B9527400481335 /* ContentView.swift */; };
		C139E38828B9527500481335 /* Assets.xcassets in Resources */ = {isa = PBXBuildFile; fileRef = C139E38728B9527500481335 /* Assets.xcassets */; };
		C139E38B28B9527500481335 /* Preview Assets.xcassets in Resources */ = {isa = PBXBuildFile; fileRef = C139E38A28B9527500481335 /* Preview Assets.xcassets */; };
		C139E39428B95B1200481335 /* FruitCardView.swift in Sources */ = {isa = PBXBuildFile; fileRef = C139E39328B95B1200481335 /* FruitCardView.swift */; };
		C139E39628B95DD200481335 /* StartButtonView.swift in Sources */ = {isa = PBXBuildFile; fileRef = C139E39528B95DD200481335 /* StartButtonView.swift */; };
		C139E39828B9609F00481335 /* OnboardingView.swift in Sources */ = {isa = PBXBuildFile; fileRef = C139E39728B9609F00481335 /* OnboardingView.swift */; };
		C1D4C41928B961D00043AED8 /* FruitsModel.swift in Sources */ = {isa = PBXBuildFile; fileRef = C1D4C41828B961D00043AED8 /* FruitsModel.swift */; };
		C1D4C41C28B9625B0043AED8 /* FruitData.swift in Sources */ = {isa = PBXBuildFile; fileRef = C1D4C41B28B9625B0043AED8 /* FruitData.swift */; };
		C1D4C41E28B966E10043AED8 /* FruitRowView.swift in Sources */ = {isa = PBXBuildFile; fileRef = C1D4C41D28B966E10043AED8 /* FruitRowView.swift */; };
		C1D4C42028B96C010043AED8 /* FruitDetailView.swift in Sources */ = {isa = PBXBuildFile; fileRef = C1D4C41F28B96C010043AED8 /* FruitDetailView.swift */; };
		C1D4C42228B97AF50043AED8 /* FruitHeaderView.swift in Sources */ = {isa = PBXBuildFile; fileRef = C1D4C42128B97AF50043AED8 /* FruitHeaderView.swift */; };
		C1D4C42428B97D220043AED8 /* SourceLinkView.swift in Sources */ = {isa = PBXBuildFile; fileRef = C1D4C42328B97D220043AED8 /* SourceLinkView.swift */; };
		C1D4C42628B981320043AED8 /* FruitNutrientsView.swift in Sources */ = {isa = PBXBuildFile; fileRef = C1D4C42528B981320043AED8 /* FruitNutrientsView.swift */; };
		C1D4C42828B984880043AED8 /* SettingsView.swift in Sources */ = {isa = PBXBuildFile; fileRef = C1D4C42728B984880043AED8 /* SettingsView.swift */; };
		C1D4C42A28B9873A0043AED8 /* SettingsLabelView.swift in Sources */ = {isa = PBXBuildFile; fileRef = C1D4C42928B9873A0043AED8 /* SettingsLabelView.swift */; };
		C1D4C42C28B989420043AED8 /* SettingsRowView.swift in Sources */ = {isa = PBXBuildFile; fileRef = C1D4C42B28B989420043AED8 /* SettingsRowView.swift */; };
/* End PBXBuildFile section */

/* Begin PBXFileReference section */
		C139E38028B9527400481335 /* Fructus.app */ = {isa = PBXFileReference; explicitFileType = wrapper.application; includeInIndex = 0; path = Fructus.app; sourceTree = BUILT_PRODUCTS_DIR; };
		C139E38328B9527400481335 /* FructusApp.swift */ = {isa = PBXFileReference; lastKnownFileType = sourcecode.swift; path = FructusApp.swift; sourceTree = "<group>"; };
		C139E38528B9527400481335 /* ContentView.swift */ = {isa = PBXFileReference; lastKnownFileType = sourcecode.swift; path = ContentView.swift; sourceTree = "<group>"; };
		C139E38728B9527500481335 /* Assets.xcassets */ = {isa = PBXFileReference; lastKnownFileType = folder.assetcatalog; path = Assets.xcassets; sourceTree = "<group>"; };
		C139E38A28B9527500481335 /* Preview Assets.xcassets */ = {isa = PBXFileReference; lastKnownFileType = folder.assetcatalog; path = "Preview Assets.xcassets"; sourceTree = "<group>"; };
		C139E39328B95B1200481335 /* FruitCardView.swift */ = {isa = PBXFileReference; lastKnownFileType = sourcecode.swift; path = FruitCardView.swift; sourceTree = "<group>"; };
		C139E39528B95DD200481335 /* StartButtonView.swift */ = {isa = PBXFileReference; lastKnownFileType = sourcecode.swift; path = StartButtonView.swift; sourceTree = "<group>"; };
		C139E39728B9609F00481335 /* OnboardingView.swift */ = {isa = PBXFileReference; lastKnownFileType = sourcecode.swift; path = OnboardingView.swift; sourceTree = "<group>"; };
		C1D4C41828B961D00043AED8 /* FruitsModel.swift */ = {isa = PBXFileReference; lastKnownFileType = sourcecode.swift; path = FruitsModel.swift; sourceTree = "<group>"; };
		C1D4C41B28B9625B0043AED8 /* FruitData.swift */ = {isa = PBXFileReference; lastKnownFileType = sourcecode.swift; path = FruitData.swift; sourceTree = "<group>"; };
		C1D4C41D28B966E10043AED8 /* FruitRowView.swift */ = {isa = PBXFileReference; lastKnownFileType = sourcecode.swift; path = FruitRowView.swift; sourceTree = "<group>"; };
		C1D4C41F28B96C010043AED8 /* FruitDetailView.swift */ = {isa = PBXFileReference; lastKnownFileType = sourcecode.swift; path = FruitDetailView.swift; sourceTree = "<group>"; };
		C1D4C42128B97AF50043AED8 /* FruitHeaderView.swift */ = {isa = PBXFileReference; lastKnownFileType = sourcecode.swift; path = FruitHeaderView.swift; sourceTree = "<group>"; };
		C1D4C42328B97D220043AED8 /* SourceLinkView.swift */ = {isa = PBXFileReference; lastKnownFileType = sourcecode.swift; path = SourceLinkView.swift; sourceTree = "<group>"; };
		C1D4C42528B981320043AED8 /* FruitNutrientsView.swift */ = {isa = PBXFileReference; lastKnownFileType = sourcecode.swift; path = FruitNutrientsView.swift; sourceTree = "<group>"; };
		C1D4C42728B984880043AED8 /* SettingsView.swift */ = {isa = PBXFileReference; lastKnownFileType = sourcecode.swift; path = SettingsView.swift; sourceTree = "<group>"; };
		C1D4C42928B9873A0043AED8 /* SettingsLabelView.swift */ = {isa = PBXFileReference; lastKnownFileType = sourcecode.swift; path = SettingsLabelView.swift; sourceTree = "<group>"; };
		C1D4C42B28B989420043AED8 /* SettingsRowView.swift */ = {isa = PBXFileReference; lastKnownFileType = sourcecode.swift; path = SettingsRowView.swift; sourceTree = "<group>"; };
/* End PBXFileReference section */

/* Begin PBXFrameworksBuildPhase section */
		C139E37D28B9527400481335 /* Frameworks */ = {
			isa = PBXFrameworksBuildPhase;
			buildActionMask = 2147483647;
			files = (
			);
			runOnlyForDeploymentPostprocessing = 0;
		};
/* End PBXFrameworksBuildPhase section */

/* Begin PBXGroup section */
		C139E37728B9527400481335 = {
			isa = PBXGroup;
			children = (
				C139E38228B9527400481335 /* Fructus */,
				C139E38128B9527400481335 /* Products */,
			);
			sourceTree = "<group>";
		};
		C139E38128B9527400481335 /* Products */ = {
			isa = PBXGroup;
			children = (
				C139E38028B9527400481335 /* Fructus.app */,
			);
			name = Products;
			sourceTree = "<group>";
		};
		C139E38228B9527400481335 /* Fructus */ = {
			isa = PBXGroup;
			children = (
				C1D4C41A28B962510043AED8 /* Data */,
				C1D4C41728B961C50043AED8 /* Model */,
				C139E39228B95AFE00481335 /* Views */,
				C139E39128B953B900481335 /* App */,
				C139E38728B9527500481335 /* Assets.xcassets */,
				C139E38928B9527500481335 /* Preview Content */,
			);
			path = Fructus;
			sourceTree = "<group>";
		};
		C139E38928B9527500481335 /* Preview Content */ = {
			isa = PBXGroup;
			children = (
				C139E38A28B9527500481335 /* Preview Assets.xcassets */,
			);
			path = "Preview Content";
			sourceTree = "<group>";
		};
		C139E39128B953B900481335 /* App */ = {
			isa = PBXGroup;
			children = (
				C139E38328B9527400481335 /* FructusApp.swift */,
				C139E38528B9527400481335 /* ContentView.swift */,
				C139E39728B9609F00481335 /* OnboardingView.swift */,
				C1D4C41F28B96C010043AED8 /* FruitDetailView.swift */,
				C1D4C42728B984880043AED8 /* SettingsView.swift */,
			);
			path = App;
			sourceTree = "<group>";
		};
		C139E39228B95AFE00481335 /* Views */ = {
			isa = PBXGroup;
			children = (
				C139E39328B95B1200481335 /* FruitCardView.swift */,
				C139E39528B95DD200481335 /* StartButtonView.swift */,
				C1D4C41D28B966E10043AED8 /* FruitRowView.swift */,
				C1D4C42128B97AF50043AED8 /* FruitHeaderView.swift */,
				C1D4C42328B97D220043AED8 /* SourceLinkView.swift */,
				C1D4C42528B981320043AED8 /* FruitNutrientsView.swift */,
				C1D4C42928B9873A0043AED8 /* SettingsLabelView.swift */,
				C1D4C42B28B989420043AED8 /* SettingsRowView.swift */,
			);
			path = Views;
			sourceTree = "<group>";
		};
		C1D4C41728B961C50043AED8 /* Model */ = {
			isa = PBXGroup;
			children = (
				C1D4C41828B961D00043AED8 /* FruitsModel.swift */,
			);
			path = Model;
			sourceTree = "<group>";
		};
		C1D4C41A28B962510043AED8 /* Data */ = {
			isa = PBXGroup;
			children = (
				C1D4C41B28B9625B0043AED8 /* FruitData.swift */,
			);
			path = Data;
			sourceTree = "<group>";
		};
/* End PBXGroup section */

/* Begin PBXNativeTarget section */
		C139E37F28B9527400481335 /* Fructus */ = {
			isa = PBXNativeTarget;
			buildConfigurationList = C139E38E28B9527500481335 /* Build configuration list for PBXNativeTarget "Fructus" */;
			buildPhases = (
				C139E37C28B9527400481335 /* Sources */,
				C139E37D28B9527400481335 /* Frameworks */,
				C139E37E28B9527400481335 /* Resources */,
			);
			buildRules = (
			);
			dependencies = (
			);
			name = Fructus;
			productName = Fructus;
			productReference = C139E38028B9527400481335 /* Fructus.app */;
			productType = "com.apple.product-type.application";
		};
/* End PBXNativeTarget section */

/* Begin PBXProject section */
		C139E37828B9527400481335 /* Project object */ = {
			isa = PBXProject;
			attributes = {
				BuildIndependentTargetsInParallel = 1;
				LastSwiftUpdateCheck = 1340;
				LastUpgradeCheck = 1340;
				TargetAttributes = {
					C139E37F28B9527400481335 = {
						CreatedOnToolsVersion = 13.4.1;
					};
				};
			};
			buildConfigurationList = C139E37B28B9527400481335 /* Build configuration list for PBXProject "Fructus" */;
			compatibilityVersion = "Xcode 13.0";
			developmentRegion = en;
			hasScannedForEncodings = 0;
			knownRegions = (
				en,
				Base,
			);
			mainGroup = C139E37728B9527400481335;
			productRefGroup = C139E38128B9527400481335 /* Products */;
			projectDirPath = "";
			projectRoot = "";
			targets = (
				C139E37F28B9527400481335 /* Fructus */,
			);
		};
/* End PBXProject section */

/* Begin PBXResourcesBuildPhase section */
		C139E37E28B9527400481335 /* Resources */ = {
			isa = PBXResourcesBuildPhase;
			buildActionMask = 2147483647;
			files = (
				C139E38B28B9527500481335 /* Preview Assets.xcassets in Resources */,
				C139E38828B9527500481335 /* Assets.xcassets in Resources */,
			);
			runOnlyForDeploymentPostprocessing = 0;
		};
/* End PBXResourcesBuildPhase section */

/* Begin PBXSourcesBuildPhase section */
		C139E37C28B9527400481335 /* Sources */ = {
			isa = PBXSourcesBuildPhase;
			buildActionMask = 2147483647;
			files = (
				C139E39428B95B1200481335 /* FruitCardView.swift in Sources */,
				C1D4C42428B97D220043AED8 /* SourceLinkView.swift in Sources */,
				C1D4C42C28B989420043AED8 /* SettingsRowView.swift in Sources */,
				C139E39628B95DD200481335 /* StartButtonView.swift in Sources */,
				C1D4C41E28B966E10043AED8 /* FruitRowView.swift in Sources */,
				C1D4C42628B981320043AED8 /* FruitNutrientsView.swift in Sources */,
				C1D4C41928B961D00043AED8 /* FruitsModel.swift in Sources */,
				C1D4C42028B96C010043AED8 /* FruitDetailView.swift in Sources */,
				C139E38628B9527400481335 /* ContentView.swift in Sources */,
				C1D4C42228B97AF50043AED8 /* FruitHeaderView.swift in Sources */,
				C1D4C41C28B9625B0043AED8 /* FruitData.swift in Sources */,
				C1D4C42A28B9873A0043AED8 /* SettingsLabelView.swift in Sources */,
				C139E39828B9609F00481335 /* OnboardingView.swift in Sources */,
				C139E38428B9527400481335 /* FructusApp.swift in Sources */,
				C1D4C42828B984880043AED8 /* SettingsView.swift in Sources */,
			);
			runOnlyForDeploymentPostprocessing = 0;
		};
/* End PBXSourcesBuildPhase section */

/* Begin XCBuildConfiguration section */
		C139E38C28B9527500481335 /* Debug */ = {
			isa = XCBuildConfiguration;
			buildSettings = {
				ALWAYS_SEARCH_USER_PATHS = NO;
				CLANG_ANALYZER_NONNULL = YES;
				CLANG_ANALYZER_NUMBER_OBJECT_CONVERSION = YES_AGGRESSIVE;
				CLANG_CXX_LANGUAGE_STANDARD = "gnu++17";
				CLANG_ENABLE_MODULES = YES;
				CLANG_ENABLE_OBJC_ARC = YES;
				CLANG_ENABLE_OBJC_WEAK = YES;
				CLANG_WARN_BLOCK_CAPTURE_AUTORELEASING = YES;
				CLANG_WARN_BOOL_CONVERSION = YES;
				CLANG_WARN_COMMA = YES;
				CLANG_WARN_CONSTANT_CONVERSION = YES;
				CLANG_WARN_DEPRECATED_OBJC_IMPLEMENTATIONS = YES;
				CLANG_WARN_DIRECT_OBJC_ISA_USAGE = YES_ERROR;
				CLANG_WARN_DOCUMENTATION_COMMENTS = YES;
				CLANG_WARN_EMPTY_BODY = YES;
				CLANG_WARN_ENUM_CONVERSION = YES;
				CLANG_WARN_INFINITE_RECURSION = YES;
				CLANG_WARN_INT_CONVERSION = YES;
				CLANG_WARN_NON_LITERAL_NULL_CONVERSION = YES;
				CLANG_WARN_OBJC_IMPLICIT_RETAIN_SELF = YES;
				CLANG_WARN_OBJC_LITERAL_CONVERSION = YES;
				CLANG_WARN_OBJC_ROOT_CLASS = YES_ERROR;
				CLANG_WARN_QUOTED_INCLUDE_IN_FRAMEWORK_HEADER = YES;
				CLANG_WARN_RANGE_LOOP_ANALYSIS = YES;
				CLANG_WARN_STRICT_PROTOTYPES = YES;
				CLANG_WARN_SUSPICIOUS_MOVE = YES;
				CLANG_WARN_UNGUARDED_AVAILABILITY = YES_AGGRESSIVE;
				CLANG_WARN_UNREACHABLE_CODE = YES;
				CLANG_WARN__DUPLICATE_METHOD_MATCH = YES;
				COPY_PHASE_STRIP = NO;
				DEBUG_INFORMATION_FORMAT = dwarf;
				ENABLE_STRICT_OBJC_MSGSEND = YES;
				ENABLE_TESTABILITY = YES;
				GCC_C_LANGUAGE_STANDARD = gnu11;
				GCC_DYNAMIC_NO_PIC = NO;
				GCC_NO_COMMON_BLOCKS = YES;
				GCC_OPTIMIZATION_LEVEL = 0;
				GCC_PREPROCESSOR_DEFINITIONS = (
					"DEBUG=1",
					"$(inherited)",
				);
				GCC_WARN_64_TO_32_BIT_CONVERSION = YES;
				GCC_WARN_ABOUT_RETURN_TYPE = YES_ERROR;
				GCC_WARN_UNDECLARED_SELECTOR = YES;
				GCC_WARN_UNINITIALIZED_AUTOS = YES_AGGRESSIVE;
				GCC_WARN_UNUSED_FUNCTION = YES;
				GCC_WARN_UNUSED_VARIABLE = YES;
				IPHONEOS_DEPLOYMENT_TARGET = 15.5;
				MTL_ENABLE_DEBUG_INFO = INCLUDE_SOURCE;
				MTL_FAST_MATH = YES;
				ONLY_ACTIVE_ARCH = YES;
				SDKROOT = iphoneos;
				SWIFT_ACTIVE_COMPILATION_CONDITIONS = DEBUG;
				SWIFT_OPTIMIZATION_LEVEL = "-Onone";
			};
			name = Debug;
		};
		C139E38D28B9527500481335 /* Release */ = {
			isa = XCBuildConfiguration;
			buildSettings = {
				ALWAYS_SEARCH_USER_PATHS = NO;
				CLANG_ANALYZER_NONNULL = YES;
				CLANG_ANALYZER_NUMBER_OBJECT_CONVERSION = YES_AGGRESSIVE;
				CLANG_CXX_LANGUAGE_STANDARD = "gnu++17";
				CLANG_ENABLE_MODULES = YES;
				CLANG_ENABLE_OBJC_ARC = YES;
				CLANG_ENABLE_OBJC_WEAK = YES;
				CLANG_WARN_BLOCK_CAPTURE_AUTORELEASING = YES;
				CLANG_WARN_BOOL_CONVERSION = YES;
				CLANG_WARN_COMMA = YES;
				CLANG_WARN_CONSTANT_CONVERSION = YES;
				CLANG_WARN_DEPRECATED_OBJC_IMPLEMENTATIONS = YES;
				CLANG_WARN_DIRECT_OBJC_ISA_USAGE = YES_ERROR;
				CLANG_WARN_DOCUMENTATION_COMMENTS = YES;
				CLANG_WARN_EMPTY_BODY = YES;
				CLANG_WARN_ENUM_CONVERSION = YES;
				CLANG_WARN_INFINITE_RECURSION = YES;
				CLANG_WARN_INT_CONVERSION = YES;
				CLANG_WARN_NON_LITERAL_NULL_CONVERSION = YES;
				CLANG_WARN_OBJC_IMPLICIT_RETAIN_SELF = YES;
				CLANG_WARN_OBJC_LITERAL_CONVERSION = YES;
				CLANG_WARN_OBJC_ROOT_CLASS = YES_ERROR;
				CLANG_WARN_QUOTED_INCLUDE_IN_FRAMEWORK_HEADER = YES;
				CLANG_WARN_RANGE_LOOP_ANALYSIS = YES;
				CLANG_WARN_STRICT_PROTOTYPES = YES;
				CLANG_WARN_SUSPICIOUS_MOVE = YES;
				CLANG_WARN_UNGUARDED_AVAILABILITY = YES_AGGRESSIVE;
				CLANG_WARN_UNREACHABLE_CODE = YES;
				CLANG_WARN__DUPLICATE_METHOD_MATCH = YES;
				COPY_PHASE_STRIP = NO;
				DEBUG_INFORMATION_FORMAT = "dwarf-with-dsym";
				ENABLE_NS_ASSERTIONS = NO;
				ENABLE_STRICT_OBJC_MSGSEND = YES;
				GCC_C_LANGUAGE_STANDARD = gnu11;
				GCC_NO_COMMON_BLOCKS = YES;
				GCC_WARN_64_TO_32_BIT_CONVERSION = YES;
				GCC_WARN_ABOUT_RETURN_TYPE = YES_ERROR;
				GCC_WARN_UNDECLARED_SELECTOR = YES;
				GCC_WARN_UNINITIALIZED_AUTOS = YES_AGGRESSIVE;
				GCC_WARN_UNUSED_FUNCTION = YES;
				GCC_WARN_UNUSED_VARIABLE = YES;
				IPHONEOS_DEPLOYMENT_TARGET = 15.5;
				MTL_ENABLE_DEBUG_INFO = NO;
				MTL_FAST_MATH = YES;
				SDKROOT = iphoneos;
				SWIFT_COMPILATION_MODE = wholemodule;
				SWIFT_OPTIMIZATION_LEVEL = "-O";
				VALIDATE_PRODUCT = YES;
			};
			name = Release;
		};
		C139E38F28B9527500481335 /* Debug */ = {
			isa = XCBuildConfiguration;
			buildSettings = {
				ASSETCATALOG_COMPILER_APPICON_NAME = AppIcon;
				ASSETCATALOG_COMPILER_GLOBAL_ACCENT_COLOR_NAME = AccentColor;
				CODE_SIGN_STYLE = Automatic;
				CURRENT_PROJECT_VERSION = 1;
				DEVELOPMENT_ASSET_PATHS = "\"Fructus/Preview Content\"";
				DEVELOPMENT_TEAM = QQ6QSKRB6L;
				ENABLE_PREVIEWS = YES;
				GENERATE_INFOPLIST_FILE = YES;
				INFOPLIST_KEY_UIApplicationSceneManifest_Generation = YES;
				INFOPLIST_KEY_UIApplicationSupportsIndirectInputEvents = YES;
				INFOPLIST_KEY_UILaunchScreen_Generation = YES;
				INFOPLIST_KEY_UISupportedInterfaceOrientations = UIInterfaceOrientationPortrait;
				INFOPLIST_KEY_UISupportedInterfaceOrientations_iPad = "UIInterfaceOrientationPortrait UIInterfaceOrientationPortraitUpsideDown UIInterfaceOrientationLandscapeLeft UIInterfaceOrientationLandscapeRight";
				INFOPLIST_KEY_UISupportedInterfaceOrientations_iPhone = "UIInterfaceOrientationPortrait UIInterfaceOrientationLandscapeLeft UIInterfaceOrientationLandscapeRight";
				LD_RUNPATH_SEARCH_PATHS = (
					"$(inherited)",
					"@executable_path/Frameworks",
				);
				MARKETING_VERSION = 1.0;
				PRODUCT_BUNDLE_IDENTIFIER = com.hugosilvag6.Fructus;
				PRODUCT_NAME = "$(TARGET_NAME)";
				SWIFT_EMIT_LOC_STRINGS = YES;
				SWIFT_VERSION = 5.0;
				TARGETED_DEVICE_FAMILY = "1,2";
			};
			name = Debug;
		};
		C139E39028B9527500481335 /* Release */ = {
			isa = XCBuildConfiguration;
			buildSettings = {
				ASSETCATALOG_COMPILER_APPICON_NAME = AppIcon;
				ASSETCATALOG_COMPILER_GLOBAL_ACCENT_COLOR_NAME = AccentColor;
				CODE_SIGN_STYLE = Automatic;
				CURRENT_PROJECT_VERSION = 1;
				DEVELOPMENT_ASSET_PATHS = "\"Fructus/Preview Content\"";
				DEVELOPMENT_TEAM = QQ6QSKRB6L;
				ENABLE_PREVIEWS = YES;
				GENERATE_INFOPLIST_FILE = YES;
				INFOPLIST_KEY_UIApplicationSceneManifest_Generation = YES;
				INFOPLIST_KEY_UIApplicationSupportsIndirectInputEvents = YES;
				INFOPLIST_KEY_UILaunchScreen_Generation = YES;
				INFOPLIST_KEY_UISupportedInterfaceOrientations = UIInterfaceOrientationPortrait;
				INFOPLIST_KEY_UISupportedInterfaceOrientations_iPad = "UIInterfaceOrientationPortrait UIInterfaceOrientationPortraitUpsideDown UIInterfaceOrientationLandscapeLeft UIInterfaceOrientationLandscapeRight";
				INFOPLIST_KEY_UISupportedInterfaceOrientations_iPhone = "UIInterfaceOrientationPortrait UIInterfaceOrientationLandscapeLeft UIInterfaceOrientationLandscapeRight";
				LD_RUNPATH_SEARCH_PATHS = (
					"$(inherited)",
					"@executable_path/Frameworks",
				);
				MARKETING_VERSION = 1.0;
				PRODUCT_BUNDLE_IDENTIFIER = com.hugosilvag6.Fructus;
				PRODUCT_NAME = "$(TARGET_NAME)";
				SWIFT_EMIT_LOC_STRINGS = YES;
				SWIFT_VERSION = 5.0;
				TARGETED_DEVICE_FAMILY = "1,2";
			};
			name = Release;
		};
/* End XCBuildConfiguration section */

/* Begin XCConfigurationList section */
		C139E37B28B9527400481335 /* Build configuration list for PBXProject "Fructus" */ = {
			isa = XCConfigurationList;
			buildConfigurations = (
				C139E38C28B9527500481335 /* Debug */,
				C139E38D28B9527500481335 /* Release */,
			);
			defaultConfigurationIsVisible = 0;
			defaultConfigurationName = Release;
		};
		C139E38E28B9527500481335 /* Build configuration list for PBXNativeTarget "Fructus" */ = {
			isa = XCConfigurationList;
			buildConfigurations = (
				C139E38F28B9527500481335 /* Debug */,
				C139E39028B9527500481335 /* Release */,
			);
			defaultConfigurationIsVisible = 0;
			defaultConfigurationName = Release;
		};
/* End XCConfigurationList section */
	};
	rootObject = C139E37828B9527400481335 /* Project object */;
}
